PODS:
  - BuildaUtils (0.4.0):
    - SwiftSafe (~> 2.0)
  - DVR (0.3.0)
  - Nimble (3.1.0)
  - SwiftSafe (2.0.0)

DEPENDENCIES:
  - BuildaUtils (~> 0.4.0)
  - DVR (from `git@github.com:boland25/DVR.git`, branch `swift-3`)
  - Nimble (from `https://github.com/Quick/Nimble.git`, commit `b9256b0bdecc4ef1f659b7663dcd3aab6f43fb5f`)

EXTERNAL SOURCES:
  DVR:
    :branch: swift-3
    :git: git@github.com:boland25/DVR.git
  Nimble:
    :commit: b9256b0bdecc4ef1f659b7663dcd3aab6f43fb5f
    :git: https://github.com/Quick/Nimble.git

CHECKOUT OPTIONS:
  DVR:
    :commit: 6c4d392a5bd7a089daf1da2b66770e6dbd64305e
    :git: git@github.com:boland25/DVR.git
  Nimble:
    :commit: b9256b0bdecc4ef1f659b7663dcd3aab6f43fb5f
    :git: https://github.com/Quick/Nimble.git

SPEC CHECKSUMS:
  BuildaUtils: 2cb74617050be76e2c29560ec40ca9bd88f2f8ec
  DVR: 32d52c13b679ed1a8b2b0a80a02e396642e9b645
  Nimble: eb2a9b164b9a3f16df6581c692a0bfced7d072a4
  SwiftSafe: b64ef3119a0b906e9ca6f67cd1705f351c9a8f9c

PODFILE CHECKSUM: 6911d4b806b794a4a3e98051b5b01c8040a20888

COCOAPODS: 1.2.0
